
Microsoft Visual Studio Solution File, Format Version 12.00
# Visual Studio Version 17
VisualStudioVersion = 17.11.35222.181
MinimumVisualStudioVersion = 10.0.40219.1
Project("{9A19103F-16F7-4668-BE54-9A1E7A4F7556}") = "ProjetoUser", "ProjetoUser\ProjetoUser.csproj", "{57EC92CC-41B6-4BD2-BF7E-A6E824F48912}"
EndProject
Global
	GlobalSection(SolutionConfigurationPlatforms) = preSolution
		Debug|Any CPU = Debug|Any CPU
		Release|Any CPU = Release|Any CPU
	EndGlobalSection
	GlobalSection(ProjectConfigurationPlatforms) = postSolution
		{57EC92CC-41B6-4BD2-BF7E-A6E824F48912}.Debug|Any CPU.ActiveCfg = Debug|Any CPU
		{57EC92CC-41B6-4BD2-BF7E-A6E824F48912}.Debug|Any CPU.Build.0 = Debug|Any CPU
		{57EC92CC-41B6-4BD2-BF7E-A6E824F48912}.Release|Any CPU.ActiveCfg = Release|Any CPU
		{57EC92CC-41B6-4BD2-BF7E-A6E824F48912}.Release|Any CPU.Build.0 = Release|Any CPU
	EndGlobalSection
	GlobalSection(SolutionProperties) = preSolution
		HideSolutionNode = FALSE
	EndGlobalSection
	GlobalSection(ExtensibilityGlobals) = postSolution
		SolutionGuid = {16BDBD69-A905-4455-97BC-2DE1CB05FA9F}
	EndGlobalSection
EndGlobal
