
Microsoft Visual Studio Solution File, Format Version 12.00
# Visual Studio Version 17
VisualStudioVersion = 17.11.35222.181
MinimumVisualStudioVersion = 10.0.40219.1
Project("{FAE04EC0-301F-11D3-BF4B-00C04F79EFBC}") = "ProjetoUser", "ProjetoUser\ProjetoUser.csproj", "{57EC92CC-41B6-4BD2-BF7E-A6E824F48912}"
EndProject
Project("{FAE04EC0-301F-11D3-BF4B-00C04F79EFBC}") = "ProjetoUser", "ProjetoUser.csproj", "{D5F26D0D-1732-4646-B49C-69E5B9F12CDD}"
EndProject
Global
	GlobalSection(SolutionConfigurationPlatforms) = preSolution
		Debug|Any CPU = Debug|Any CPU
		Release|Any CPU = Release|Any CPU
	EndGlobalSection
	GlobalSection(ProjectConfigurationPlatforms) = postSolution
		{57EC92CC-41B6-4BD2-BF7E-A6E824F48912}.Debug|Any CPU.ActiveCfg = Debug|Any CPU
		{57EC92CC-41B6-4BD2-BF7E-A6E824F48912}.Debug|Any CPU.Build.0 = Debug|Any CPU
		{57EC92CC-41B6-4BD2-BF7E-A6E824F48912}.Release|Any CPU.ActiveCfg = Release|Any CPU
		{57EC92CC-41B6-4BD2-BF7E-A6E824F48912}.Release|Any CPU.Build.0 = Release|Any CPU
		{D5F26D0D-1732-4646-B49C-69E5B9F12CDD}.Debug|Any CPU.ActiveCfg = Debug|Any CPU
		{D5F26D0D-1732-4646-B49C-69E5B9F12CDD}.Debug|Any CPU.Build.0 = Debug|Any CPU
		{D5F26D0D-1732-4646-B49C-69E5B9F12CDD}.Release|Any CPU.ActiveCfg = Release|Any CPU
		{D5F26D0D-1732-4646-B49C-69E5B9F12CDD}.Release|Any CPU.Build.0 = Release|Any CPU
	EndGlobalSection
	GlobalSection(SolutionProperties) = preSolution
		HideSolutionNode = FALSE
	EndGlobalSection
	GlobalSection(ExtensibilityGlobals) = postSolution
		SolutionGuid = {16BDBD69-A905-4455-97BC-2DE1CB05FA9F}
	EndGlobalSection
EndGlobal
